
Microsoft Visual Studio Solution File, Format Version 12.00
Project("{FAE04EC0-301F-11D3-BF4B-00C04F79EFBC}") = "Snake.Console", "Snake.Console\Snake.Console.csproj", "{A1BEEA8D-7140-465F-8EF3-64B4E0D07C57}"
EndProject
Project("{FAE04EC0-301F-11D3-BF4B-00C04F79EFBC}") = "Snake.Core", "Snake.Core\Snake.Core.csproj", "{06A1D775-E0F9-4EF1-901A-ADC31DF35888}"
EndProject
Global
	GlobalSection(SolutionConfigurationPlatforms) = preSolution
		Debug|Any CPU = Debug|Any CPU
		Release|Any CPU = Release|Any CPU
	EndGlobalSection
	GlobalSection(ProjectConfigurationPlatforms) = postSolution
		{A1BEEA8D-7140-465F-8EF3-64B4E0D07C57}.Debug|Any CPU.ActiveCfg = Debug|Any CPU
		{A1BEEA8D-7140-465F-8EF3-64B4E0D07C57}.Debug|Any CPU.Build.0 = Debug|Any CPU
		{A1BEEA8D-7140-465F-8EF3-64B4E0D07C57}.Release|Any CPU.ActiveCfg = Release|Any CPU
		{A1BEEA8D-7140-465F-8EF3-64B4E0D07C57}.Release|Any CPU.Build.0 = Release|Any CPU
		{06A1D775-E0F9-4EF1-901A-ADC31DF35888}.Debug|Any CPU.ActiveCfg = Debug|Any CPU
		{06A1D775-E0F9-4EF1-901A-ADC31DF35888}.Debug|Any CPU.Build.0 = Debug|Any CPU
		{06A1D775-E0F9-4EF1-901A-ADC31DF35888}.Release|Any CPU.ActiveCfg = Release|Any CPU
		{06A1D775-E0F9-4EF1-901A-ADC31DF35888}.Release|Any CPU.Build.0 = Release|Any CPU
	EndGlobalSection
EndGlobal
